<?xml version="1.0" encoding="utf-8"?>
<Project ToolsVersion="4.0" xmlns="http://schemas.microsoft.com/developer/msbuild/2003">
  <ItemGroup>
    <Filter Include="源文件">
      <UniqueIdentifier>{4FC737F1-C7A5-4376-A066-2A32D752A2FF}</UniqueIdentifier>
      <Extensions>cpp;c;cc;cxx;def;odl;idl;hpj;bat;asm;asmx</Extensions>
    </Filter>
    <Filter Include="头文件">
      <UniqueIdentifier>{93995380-89BD-4b04-88EB-625FBE52EBFB}</UniqueIdentifier>
      <Extensions>h;hh;hpp;hxx;hm;inl;inc;xsd</Extensions>
    </Filter>
    <Filter Include="资源文件">
      <UniqueIdentifier>{67DA6AB6-F800-4c08-8B7A-83BB121AAD01}</UniqueIdentifier>
      <Extensions>rc;ico;cur;bmp;dlg;rc2;rct;bin;rgs;gif;jpg;jpeg;jpe;resx;tiff;tif;png;wav;mfcribbon-ms</Extensions>
    </Filter>
    <Filter Include="System">
      <UniqueIdentifier>{325983bf-9a06-4b04-a236-d6ab86cc5629}</UniqueIdentifier>
    </Filter>
    <Filter Include="System\Reflection">
      <UniqueIdentifier>{c601721c-b65f-452f-a530-c6f0bda79c78}</UniqueIdentifier>
    </Filter>
  </ItemGroup>
  <ItemGroup>
    <Text Include="ReadMe.txt" />
  </ItemGroup>
  <ItemGroup>
    <ClInclude Include="stdafx.h">
      <Filter>头文件</Filter>
    </ClInclude>
    <ClInclude Include="targetver.h">
      <Filter>头文件</Filter>
    </ClInclude>
    <ClInclude Include="Boolean_ExtHeader.h">
      <Filter>源文件</Filter>
    </ClInclude>
    <ClInclude Include="Byte_ExtHeader.h">
      <Filter>源文件</Filter>
    </ClInclude>
    <ClInclude Include="Char_ExtHeader.h">
      <Filter>源文件</Filter>
    </ClInclude>
    <ClInclude Include="Console_ExtCpp.h">
      <Filter>源文件</Filter>
    </ClInclude>
    <ClInclude Include="Double_ExtHeader.h">
      <Filter>源文件</Filter>
    </ClInclude>
    <ClInclude Include="HandleManager.h">
      <Filter>源文件</Filter>
    </ClInclude>
    <ClInclude Include="Int16_ExtHeader.h">
      <Filter>源文件</Filter>
    </ClInclude>
    <ClInclude Include="Int32_ExtCpp.h">
      <Filter>源文件</Filter>
    </ClInclude>
    <ClInclude Include="Int32_ExtHeader.h">
      <Filter>源文件</Filter>
    </ClInclude>
    <ClInclude Include="Int64_ExtHeader.h">
      <Filter>源文件</Filter>
    </ClInclude>
    <ClInclude Include="Object_ExtCpp.h">
      <Filter>源文件</Filter>
    </ClInclude>
    <ClInclude Include="Object_ExtHeader.h">
      <Filter>源文件</Filter>
    </ClInclude>
    <ClInclude Include="Ref.h">
      <Filter>源文件</Filter>
    </ClInclude>
    <ClInclude Include="SByte_ExtHeader.h">
      <Filter>源文件</Filter>
    </ClInclude>
    <ClInclude Include="Single_ExtHeader.h">
      <Filter>源文件</Filter>
    </ClInclude>
    <ClInclude Include="String_ExtHeader.h">
      <Filter>源文件</Filter>
    </ClInclude>
    <ClInclude Include="UInt16_ExtHeader.h">
      <Filter>源文件</Filter>
    </ClInclude>
    <ClInclude Include="UInt32_ExtHeader.h">
      <Filter>源文件</Filter>
    </ClInclude>
    <ClInclude Include="UInt64_ExtHeader.h">
      <Filter>源文件</Filter>
    </ClInclude>
    <ClInclude Include="System\ArgumentNullException.h">
      <Filter>System</Filter>
    </ClInclude>
    <ClInclude Include="System\Array.h">
      <Filter>System</Filter>
    </ClInclude>
    <ClInclude Include="System\Attribute.h">
      <Filter>System</Filter>
    </ClInclude>
    <ClInclude Include="System\Boolean.h">
      <Filter>System</Filter>
    </ClInclude>
    <ClInclude Include="System\Byte.h">
      <Filter>System</Filter>
    </ClInclude>
    <ClInclude Include="System\Char.h">
      <Filter>System</Filter>
    </ClInclude>
    <ClInclude Include="System\Console.h">
      <Filter>System</Filter>
    </ClInclude>
    <ClInclude Include="System\Double.h">
      <Filter>System</Filter>
    </ClInclude>
    <ClInclude Include="System\Enum.h">
      <Filter>System</Filter>
    </ClInclude>
    <ClInclude Include="System\Exception.h">
      <Filter>System</Filter>
    </ClInclude>
    <ClInclude Include="System\FormatException.h">
      <Filter>System</Filter>
    </ClInclude>
    <ClInclude Include="System\IComparable.h">
      <Filter>System</Filter>
    </ClInclude>
    <ClInclude Include="System\ICustomFormater.h">
      <Filter>System</Filter>
    </ClInclude>
    <ClInclude Include="System\IFormatProvider.h">
      <Filter>System</Filter>
    </ClInclude>
    <ClInclude Include="System\Int16.h">
      <Filter>System</Filter>
    </ClInclude>
    <ClInclude Include="System\Int32.h">
      <Filter>System</Filter>
    </ClInclude>
    <ClInclude Include="System\Int64.h">
      <Filter>System</Filter>
    </ClInclude>
    <ClInclude Include="System\Object.h">
      <Filter>System</Filter>
    </ClInclude>
    <ClInclude Include="System\SByte.h">
      <Filter>System</Filter>
    </ClInclude>
    <ClInclude Include="System\Single.h">
      <Filter>System</Filter>
    </ClInclude>
    <ClInclude Include="System\String.h">
      <Filter>System</Filter>
    </ClInclude>
    <ClInclude Include="System\t_Array.h">
      <Filter>System</Filter>
    </ClInclude>
    <ClInclude Include="System\t_ArrayT.h">
      <Filter>System</Filter>
    </ClInclude>
    <ClInclude Include="System\Test.h">
      <Filter>System</Filter>
    </ClInclude>
    <ClInclude Include="System\TestDel.h">
      <Filter>System</Filter>
    </ClInclude>
    <ClInclude Include="System\Type.h">
      <Filter>System</Filter>
    </ClInclude>
    <ClInclude Include="System\UInt16.h">
      <Filter>System</Filter>
    </ClInclude>
    <ClInclude Include="System\UInt32.h">
      <Filter>System</Filter>
    </ClInclude>
    <ClInclude Include="System\UInt64.h">
      <Filter>System</Filter>
    </ClInclude>
    <ClInclude Include="System\ValueType.h">
      <Filter>System</Filter>
    </ClInclude>
    <ClInclude Include="System\Reflection\BindingFlags.h">
      <Filter>System\Reflection</Filter>
    </ClInclude>
    <ClInclude Include="System\Reflection\MemberFilter.h">
      <Filter>System\Reflection</Filter>
    </ClInclude>
    <ClInclude Include="System\Reflection\MemberInfo.h">
      <Filter>System\Reflection</Filter>
    </ClInclude>
    <ClInclude Include="System\Reflection\MemberTypes.h">
      <Filter>System\Reflection</Filter>
    </ClInclude>
    <ClInclude Include="System\Reflection\TypeFilter.h">
      <Filter>System\Reflection</Filter>
    </ClInclude>
    <ClInclude Include="Enum_Ext.h">
      <Filter>源文件</Filter>
    </ClInclude>
    <ClInclude Include="Delegate.h">
      <Filter>源文件</Filter>
    </ClInclude>
  </ItemGroup>
  <ItemGroup>
    <ClCompile Include="Boolean_ExtCpp.cpp">
      <Filter>源文件</Filter>
    </ClCompile>
    <ClCompile Include="Byte_ExtCpp.cpp">
      <Filter>源文件</Filter>
    </ClCompile>
    <ClCompile Include="CppApp.cpp">
      <Filter>源文件</Filter>
    </ClCompile>
    <ClCompile Include="Double_ExtCpp.cpp">
      <Filter>源文件</Filter>
    </ClCompile>
    <ClCompile Include="Int16_ExtCpp.cpp">
      <Filter>源文件</Filter>
    </ClCompile>
    <ClCompile Include="Int64_ExtCpp.cpp">
      <Filter>源文件</Filter>
    </ClCompile>
    <ClCompile Include="Platform_Windows.cpp">
      <Filter>源文件</Filter>
    </ClCompile>
    <ClCompile Include="SByte_ExtCpp.cpp">
      <Filter>源文件</Filter>
    </ClCompile>
    <ClCompile Include="Single_ExtCpp.cpp">
      <Filter>源文件</Filter>
    </ClCompile>
    <ClCompile Include="stdafx.cpp">
      <Filter>源文件</Filter>
    </ClCompile>
    <ClCompile Include="String_ExtCpp.cpp">
      <Filter>源文件</Filter>
    </ClCompile>
    <ClCompile Include="System.cpp">
      <Filter>源文件</Filter>
    </ClCompile>
    <ClCompile Include="UInt16_ExtCpp.cpp">
      <Filter>源文件</Filter>
    </ClCompile>
    <ClCompile Include="UInt32_ExtCpp.cpp">
      <Filter>源文件</Filter>
    </ClCompile>
    <ClCompile Include="UInt64_ExtCpp.cpp">
      <Filter>源文件</Filter>
    </ClCompile>
    <ClCompile Include="System\ArgumentNullException.cpp">
      <Filter>System</Filter>
    </ClCompile>
    <ClCompile Include="System\Array.cpp">
      <Filter>System</Filter>
    </ClCompile>
    <ClCompile Include="System\Attribute.cpp">
      <Filter>System</Filter>
    </ClCompile>
    <ClCompile Include="System\Boolean.cpp">
      <Filter>System</Filter>
    </ClCompile>
    <ClCompile Include="System\Byte.cpp">
      <Filter>System</Filter>
    </ClCompile>
    <ClCompile Include="System\Char.cpp">
      <Filter>System</Filter>
    </ClCompile>
    <ClCompile Include="System\Console.cpp">
      <Filter>System</Filter>
    </ClCompile>
    <ClCompile Include="System\Double.cpp">
      <Filter>System</Filter>
    </ClCompile>
    <ClCompile Include="System\Enum.cpp">
      <Filter>System</Filter>
    </ClCompile>
    <ClCompile Include="System\Exception.cpp">
      <Filter>System</Filter>
    </ClCompile>
    <ClCompile Include="System\FormatException.cpp">
      <Filter>System</Filter>
    </ClCompile>
    <ClCompile Include="System\IComparable.cpp">
      <Filter>System</Filter>
    </ClCompile>
    <ClCompile Include="System\ICustomFormater.cpp">
      <Filter>System</Filter>
    </ClCompile>
    <ClCompile Include="System\IFormatProvider.cpp">
      <Filter>System</Filter>
    </ClCompile>
    <ClCompile Include="System\Int16.cpp">
      <Filter>System</Filter>
    </ClCompile>
    <ClCompile Include="System\Int32.cpp">
      <Filter>System</Filter>
    </ClCompile>
    <ClCompile Include="System\Int64.cpp">
      <Filter>System</Filter>
    </ClCompile>
    <ClCompile Include="System\Object.cpp">
      <Filter>System</Filter>
    </ClCompile>
    <ClCompile Include="System\SByte.cpp">
      <Filter>System</Filter>
    </ClCompile>
    <ClCompile Include="System\Single.cpp">
      <Filter>System</Filter>
    </ClCompile>
    <ClCompile Include="System\String.cpp">
      <Filter>System</Filter>
    </ClCompile>
    <ClCompile Include="System\Test.cpp">
      <Filter>System</Filter>
    </ClCompile>
    <ClCompile Include="System\TestDel.cpp">
      <Filter>System</Filter>
    </ClCompile>
    <ClCompile Include="System\Type.cpp">
      <Filter>System</Filter>
    </ClCompile>
    <ClCompile Include="System\UInt16.cpp">
      <Filter>System</Filter>
    </ClCompile>
    <ClCompile Include="System\UInt32.cpp">
      <Filter>System</Filter>
    </ClCompile>
    <ClCompile Include="System\UInt64.cpp">
      <Filter>System</Filter>
    </ClCompile>
    <ClCompile Include="System\ValueType.cpp">
      <Filter>System</Filter>
    </ClCompile>
    <ClCompile Include="System\Reflection\MemberFilter.cpp">
      <Filter>System\Reflection</Filter>
    </ClCompile>
    <ClCompile Include="System\Reflection\MemberInfo.cpp">
      <Filter>System\Reflection</Filter>
    </ClCompile>
    <ClCompile Include="System\Reflection\TypeFilter.cpp">
      <Filter>System\Reflection</Filter>
    </ClCompile>
    <ClCompile Include="Enum_Ext.cpp">
      <Filter>源文件</Filter>
    </ClCompile>
  </ItemGroup>
</Project>