
Microsoft Visual Studio Solution File, Format Version 12.00
# Visual Studio 15
VisualStudioVersion = 15.0.26730.12
MinimumVisualStudioVersion = 10.0.40219.1
Project("{FAE04EC0-301F-11D3-BF4B-00C04F79EFBC}") = "UL", "UL\UL.csproj", "{5BA11768-E981-42A6-82CF-CF2A1CDBF1CA}"
EndProject
Project("{FAE04EC0-301F-11D3-BF4B-00C04F79EFBC}") = "TestIL", "TestIL\TestIL.csproj", "{2CA202E5-3D2E-424C-AEAE-2F2C046F015E}"
EndProject
Project("{FAE04EC0-301F-11D3-BF4B-00C04F79EFBC}") = "CSharpConverter", "CSharpConverter\CSharpConverter.csproj", "{DEAE64B7-DF14-4047-B991-38495E51400B}"
EndProject
Project("{FAE04EC0-301F-11D3-BF4B-00C04F79EFBC}") = "CSharpCompiler", "CSharpCompiler\CSharpCompiler.csproj", "{3B8367A7-3024-4862-A776-7FC790BF47D4}"
EndProject
Project("{FAE04EC0-301F-11D3-BF4B-00C04F79EFBC}") = "Metadata", "Metadata\Metadata.csproj", "{2B93C646-515A-4657-A587-B1E79F29F899}"
EndProject
Project("{FAE04EC0-301F-11D3-BF4B-00C04F79EFBC}") = "SyntaxLook", "SyntaxLook\SyntaxLook.csproj", "{5B993D49-1249-4F07-B1CD-F86CB56C75C3}"
EndProject
Project("{FAE04EC0-301F-11D3-BF4B-00C04F79EFBC}") = "CppConverter", "CppConverter\CppConverter.csproj", "{3A1E8EA5-0372-4F50-BA81-8FE9A1CBF39D}"
EndProject
Project("{8BC9CEB8-8B4A-11D0-8D11-00A0C91BC942}") = "CppApp", "CppApp\CppApp.vcxproj", "{1DA12301-D547-4F40-A1AE-D7A598D215C2}"
EndProject
Global
	GlobalSection(SolutionConfigurationPlatforms) = preSolution
		Debug|Any CPU = Debug|Any CPU
		Debug|Mixed Platforms = Debug|Mixed Platforms
		Debug|x64 = Debug|x64
		Debug|x86 = Debug|x86
		Release|Any CPU = Release|Any CPU
		Release|Mixed Platforms = Release|Mixed Platforms
		Release|x64 = Release|x64
		Release|x86 = Release|x86
	EndGlobalSection
	GlobalSection(ProjectConfigurationPlatforms) = postSolution
		{5BA11768-E981-42A6-82CF-CF2A1CDBF1CA}.Debug|Any CPU.ActiveCfg = Debug|Any CPU
		{5BA11768-E981-42A6-82CF-CF2A1CDBF1CA}.Debug|Any CPU.Build.0 = Debug|Any CPU
		{5BA11768-E981-42A6-82CF-CF2A1CDBF1CA}.Debug|Mixed Platforms.ActiveCfg = Debug|Any CPU
		{5BA11768-E981-42A6-82CF-CF2A1CDBF1CA}.Debug|Mixed Platforms.Build.0 = Debug|Any CPU
		{5BA11768-E981-42A6-82CF-CF2A1CDBF1CA}.Debug|x64.ActiveCfg = Debug|Any CPU
		{5BA11768-E981-42A6-82CF-CF2A1CDBF1CA}.Debug|x64.Build.0 = Debug|Any CPU
		{5BA11768-E981-42A6-82CF-CF2A1CDBF1CA}.Debug|x86.ActiveCfg = Debug|Any CPU
		{5BA11768-E981-42A6-82CF-CF2A1CDBF1CA}.Debug|x86.Build.0 = Debug|Any CPU
		{5BA11768-E981-42A6-82CF-CF2A1CDBF1CA}.Release|Any CPU.ActiveCfg = Release|Any CPU
		{5BA11768-E981-42A6-82CF-CF2A1CDBF1CA}.Release|Any CPU.Build.0 = Release|Any CPU
		{5BA11768-E981-42A6-82CF-CF2A1CDBF1CA}.Release|Mixed Platforms.ActiveCfg = Release|Any CPU
		{5BA11768-E981-42A6-82CF-CF2A1CDBF1CA}.Release|Mixed Platforms.Build.0 = Release|Any CPU
		{5BA11768-E981-42A6-82CF-CF2A1CDBF1CA}.Release|x64.ActiveCfg = Release|Any CPU
		{5BA11768-E981-42A6-82CF-CF2A1CDBF1CA}.Release|x64.Build.0 = Release|Any CPU
		{5BA11768-E981-42A6-82CF-CF2A1CDBF1CA}.Release|x86.ActiveCfg = Release|Any CPU
		{5BA11768-E981-42A6-82CF-CF2A1CDBF1CA}.Release|x86.Build.0 = Release|Any CPU
		{2CA202E5-3D2E-424C-AEAE-2F2C046F015E}.Debug|Any CPU.ActiveCfg = Debug|Any CPU
		{2CA202E5-3D2E-424C-AEAE-2F2C046F015E}.Debug|Any CPU.Build.0 = Debug|Any CPU
		{2CA202E5-3D2E-424C-AEAE-2F2C046F015E}.Debug|Mixed Platforms.ActiveCfg = Debug|Any CPU
		{2CA202E5-3D2E-424C-AEAE-2F2C046F015E}.Debug|Mixed Platforms.Build.0 = Debug|Any CPU
		{2CA202E5-3D2E-424C-AEAE-2F2C046F015E}.Debug|x64.ActiveCfg = Debug|Any CPU
		{2CA202E5-3D2E-424C-AEAE-2F2C046F015E}.Debug|x64.Build.0 = Debug|Any CPU
		{2CA202E5-3D2E-424C-AEAE-2F2C046F015E}.Debug|x86.ActiveCfg = Debug|Any CPU
		{2CA202E5-3D2E-424C-AEAE-2F2C046F015E}.Debug|x86.Build.0 = Debug|Any CPU
		{2CA202E5-3D2E-424C-AEAE-2F2C046F015E}.Release|Any CPU.ActiveCfg = Release|Any CPU
		{2CA202E5-3D2E-424C-AEAE-2F2C046F015E}.Release|Any CPU.Build.0 = Release|Any CPU
		{2CA202E5-3D2E-424C-AEAE-2F2C046F015E}.Release|Mixed Platforms.ActiveCfg = Release|Any CPU
		{2CA202E5-3D2E-424C-AEAE-2F2C046F015E}.Release|Mixed Platforms.Build.0 = Release|Any CPU
		{2CA202E5-3D2E-424C-AEAE-2F2C046F015E}.Release|x64.ActiveCfg = Release|Any CPU
		{2CA202E5-3D2E-424C-AEAE-2F2C046F015E}.Release|x64.Build.0 = Release|Any CPU
		{2CA202E5-3D2E-424C-AEAE-2F2C046F015E}.Release|x86.ActiveCfg = Release|Any CPU
		{2CA202E5-3D2E-424C-AEAE-2F2C046F015E}.Release|x86.Build.0 = Release|Any CPU
		{DEAE64B7-DF14-4047-B991-38495E51400B}.Debug|Any CPU.ActiveCfg = Debug|Any CPU
		{DEAE64B7-DF14-4047-B991-38495E51400B}.Debug|Any CPU.Build.0 = Debug|Any CPU
		{DEAE64B7-DF14-4047-B991-38495E51400B}.Debug|Mixed Platforms.ActiveCfg = Debug|Any CPU
		{DEAE64B7-DF14-4047-B991-38495E51400B}.Debug|Mixed Platforms.Build.0 = Debug|Any CPU
		{DEAE64B7-DF14-4047-B991-38495E51400B}.Debug|x64.ActiveCfg = Debug|Any CPU
		{DEAE64B7-DF14-4047-B991-38495E51400B}.Debug|x86.ActiveCfg = Debug|Any CPU
		{DEAE64B7-DF14-4047-B991-38495E51400B}.Release|Any CPU.ActiveCfg = Release|Any CPU
		{DEAE64B7-DF14-4047-B991-38495E51400B}.Release|Any CPU.Build.0 = Release|Any CPU
		{DEAE64B7-DF14-4047-B991-38495E51400B}.Release|Mixed Platforms.ActiveCfg = Release|Any CPU
		{DEAE64B7-DF14-4047-B991-38495E51400B}.Release|Mixed Platforms.Build.0 = Release|Any CPU
		{DEAE64B7-DF14-4047-B991-38495E51400B}.Release|x64.ActiveCfg = Release|Any CPU
		{DEAE64B7-DF14-4047-B991-38495E51400B}.Release|x86.ActiveCfg = Release|Any CPU
		{3B8367A7-3024-4862-A776-7FC790BF47D4}.Debug|Any CPU.ActiveCfg = Debug|Any CPU
		{3B8367A7-3024-4862-A776-7FC790BF47D4}.Debug|Any CPU.Build.0 = Debug|Any CPU
		{3B8367A7-3024-4862-A776-7FC790BF47D4}.Debug|Mixed Platforms.ActiveCfg = Debug|Any CPU
		{3B8367A7-3024-4862-A776-7FC790BF47D4}.Debug|Mixed Platforms.Build.0 = Debug|Any CPU
		{3B8367A7-3024-4862-A776-7FC790BF47D4}.Debug|x64.ActiveCfg = Debug|Any CPU
		{3B8367A7-3024-4862-A776-7FC790BF47D4}.Debug|x86.ActiveCfg = Debug|Any CPU
		{3B8367A7-3024-4862-A776-7FC790BF47D4}.Release|Any CPU.ActiveCfg = Release|Any CPU
		{3B8367A7-3024-4862-A776-7FC790BF47D4}.Release|Any CPU.Build.0 = Release|Any CPU
		{3B8367A7-3024-4862-A776-7FC790BF47D4}.Release|Mixed Platforms.ActiveCfg = Release|Any CPU
		{3B8367A7-3024-4862-A776-7FC790BF47D4}.Release|Mixed Platforms.Build.0 = Release|Any CPU
		{3B8367A7-3024-4862-A776-7FC790BF47D4}.Release|x64.ActiveCfg = Release|Any CPU
		{3B8367A7-3024-4862-A776-7FC790BF47D4}.Release|x86.ActiveCfg = Release|Any CPU
		{2B93C646-515A-4657-A587-B1E79F29F899}.Debug|Any CPU.ActiveCfg = Debug|Any CPU
		{2B93C646-515A-4657-A587-B1E79F29F899}.Debug|Any CPU.Build.0 = Debug|Any CPU
		{2B93C646-515A-4657-A587-B1E79F29F899}.Debug|Mixed Platforms.ActiveCfg = Debug|Any CPU
		{2B93C646-515A-4657-A587-B1E79F29F899}.Debug|Mixed Platforms.Build.0 = Debug|Any CPU
		{2B93C646-515A-4657-A587-B1E79F29F899}.Debug|x64.ActiveCfg = Debug|Any CPU
		{2B93C646-515A-4657-A587-B1E79F29F899}.Debug|x64.Build.0 = Debug|Any CPU
		{2B93C646-515A-4657-A587-B1E79F29F899}.Debug|x86.ActiveCfg = Debug|Any CPU
		{2B93C646-515A-4657-A587-B1E79F29F899}.Debug|x86.Build.0 = Debug|Any CPU
		{2B93C646-515A-4657-A587-B1E79F29F899}.Release|Any CPU.ActiveCfg = Release|Any CPU
		{2B93C646-515A-4657-A587-B1E79F29F899}.Release|Any CPU.Build.0 = Release|Any CPU
		{2B93C646-515A-4657-A587-B1E79F29F899}.Release|Mixed Platforms.ActiveCfg = Release|Any CPU
		{2B93C646-515A-4657-A587-B1E79F29F899}.Release|Mixed Platforms.Build.0 = Release|Any CPU
		{2B93C646-515A-4657-A587-B1E79F29F899}.Release|x64.ActiveCfg = Release|Any CPU
		{2B93C646-515A-4657-A587-B1E79F29F899}.Release|x64.Build.0 = Release|Any CPU
		{2B93C646-515A-4657-A587-B1E79F29F899}.Release|x86.ActiveCfg = Release|Any CPU
		{2B93C646-515A-4657-A587-B1E79F29F899}.Release|x86.Build.0 = Release|Any CPU
		{5B993D49-1249-4F07-B1CD-F86CB56C75C3}.Debug|Any CPU.ActiveCfg = Debug|Any CPU
		{5B993D49-1249-4F07-B1CD-F86CB56C75C3}.Debug|Any CPU.Build.0 = Debug|Any CPU
		{5B993D49-1249-4F07-B1CD-F86CB56C75C3}.Debug|Mixed Platforms.ActiveCfg = Debug|Any CPU
		{5B993D49-1249-4F07-B1CD-F86CB56C75C3}.Debug|Mixed Platforms.Build.0 = Debug|Any CPU
		{5B993D49-1249-4F07-B1CD-F86CB56C75C3}.Debug|x64.ActiveCfg = Debug|Any CPU
		{5B993D49-1249-4F07-B1CD-F86CB56C75C3}.Debug|x64.Build.0 = Debug|Any CPU
		{5B993D49-1249-4F07-B1CD-F86CB56C75C3}.Debug|x86.ActiveCfg = Debug|Any CPU
		{5B993D49-1249-4F07-B1CD-F86CB56C75C3}.Debug|x86.Build.0 = Debug|Any CPU
		{5B993D49-1249-4F07-B1CD-F86CB56C75C3}.Release|Any CPU.ActiveCfg = Release|Any CPU
		{5B993D49-1249-4F07-B1CD-F86CB56C75C3}.Release|Any CPU.Build.0 = Release|Any CPU
		{5B993D49-1249-4F07-B1CD-F86CB56C75C3}.Release|Mixed Platforms.ActiveCfg = Release|Any CPU
		{5B993D49-1249-4F07-B1CD-F86CB56C75C3}.Release|Mixed Platforms.Build.0 = Release|Any CPU
		{5B993D49-1249-4F07-B1CD-F86CB56C75C3}.Release|x64.ActiveCfg = Release|Any CPU
		{5B993D49-1249-4F07-B1CD-F86CB56C75C3}.Release|x64.Build.0 = Release|Any CPU
		{5B993D49-1249-4F07-B1CD-F86CB56C75C3}.Release|x86.ActiveCfg = Release|Any CPU
		{5B993D49-1249-4F07-B1CD-F86CB56C75C3}.Release|x86.Build.0 = Release|Any CPU
		{3A1E8EA5-0372-4F50-BA81-8FE9A1CBF39D}.Debug|Any CPU.ActiveCfg = Debug|Any CPU
		{3A1E8EA5-0372-4F50-BA81-8FE9A1CBF39D}.Debug|Any CPU.Build.0 = Debug|Any CPU
		{3A1E8EA5-0372-4F50-BA81-8FE9A1CBF39D}.Debug|Mixed Platforms.ActiveCfg = Debug|Any CPU
		{3A1E8EA5-0372-4F50-BA81-8FE9A1CBF39D}.Debug|Mixed Platforms.Build.0 = Debug|Any CPU
		{3A1E8EA5-0372-4F50-BA81-8FE9A1CBF39D}.Debug|x64.ActiveCfg = Debug|Any CPU
		{3A1E8EA5-0372-4F50-BA81-8FE9A1CBF39D}.Debug|x64.Build.0 = Debug|Any CPU
		{3A1E8EA5-0372-4F50-BA81-8FE9A1CBF39D}.Debug|x86.ActiveCfg = Debug|Any CPU
		{3A1E8EA5-0372-4F50-BA81-8FE9A1CBF39D}.Debug|x86.Build.0 = Debug|Any CPU
		{3A1E8EA5-0372-4F50-BA81-8FE9A1CBF39D}.Release|Any CPU.ActiveCfg = Release|Any CPU
		{3A1E8EA5-0372-4F50-BA81-8FE9A1CBF39D}.Release|Any CPU.Build.0 = Release|Any CPU
		{3A1E8EA5-0372-4F50-BA81-8FE9A1CBF39D}.Release|Mixed Platforms.ActiveCfg = Release|Any CPU
		{3A1E8EA5-0372-4F50-BA81-8FE9A1CBF39D}.Release|Mixed Platforms.Build.0 = Release|Any CPU
		{3A1E8EA5-0372-4F50-BA81-8FE9A1CBF39D}.Release|x64.ActiveCfg = Release|Any CPU
		{3A1E8EA5-0372-4F50-BA81-8FE9A1CBF39D}.Release|x64.Build.0 = Release|Any CPU
		{3A1E8EA5-0372-4F50-BA81-8FE9A1CBF39D}.Release|x86.ActiveCfg = Release|Any CPU
		{3A1E8EA5-0372-4F50-BA81-8FE9A1CBF39D}.Release|x86.Build.0 = Release|Any CPU
		{1DA12301-D547-4F40-A1AE-D7A598D215C2}.Debug|Any CPU.ActiveCfg = Debug|Win32
		{1DA12301-D547-4F40-A1AE-D7A598D215C2}.Debug|Mixed Platforms.ActiveCfg = Debug|Win32
		{1DA12301-D547-4F40-A1AE-D7A598D215C2}.Debug|Mixed Platforms.Build.0 = Debug|Win32
		{1DA12301-D547-4F40-A1AE-D7A598D215C2}.Debug|x64.ActiveCfg = Debug|x64
		{1DA12301-D547-4F40-A1AE-D7A598D215C2}.Debug|x64.Build.0 = Debug|x64
		{1DA12301-D547-4F40-A1AE-D7A598D215C2}.Debug|x86.ActiveCfg = Debug|Win32
		{1DA12301-D547-4F40-A1AE-D7A598D215C2}.Debug|x86.Build.0 = Debug|Win32
		{1DA12301-D547-4F40-A1AE-D7A598D215C2}.Release|Any CPU.ActiveCfg = Release|Win32
		{1DA12301-D547-4F40-A1AE-D7A598D215C2}.Release|Mixed Platforms.ActiveCfg = Release|Win32
		{1DA12301-D547-4F40-A1AE-D7A598D215C2}.Release|Mixed Platforms.Build.0 = Release|Win32
		{1DA12301-D547-4F40-A1AE-D7A598D215C2}.Release|x64.ActiveCfg = Release|x64
		{1DA12301-D547-4F40-A1AE-D7A598D215C2}.Release|x64.Build.0 = Release|x64
		{1DA12301-D547-4F40-A1AE-D7A598D215C2}.Release|x86.ActiveCfg = Release|Win32
		{1DA12301-D547-4F40-A1AE-D7A598D215C2}.Release|x86.Build.0 = Release|Win32
	EndGlobalSection
	GlobalSection(SolutionProperties) = preSolution
		HideSolutionNode = FALSE
	EndGlobalSection
	GlobalSection(ExtensibilityGlobals) = postSolution
		SolutionGuid = {6D0D4C2E-9403-45E0-B15F-B50263313F65}
	EndGlobalSection
EndGlobal
