
Microsoft Visual Studio Solution File, Format Version 12.00
# Visual Studio 2013
VisualStudioVersion = 12.0.40629.0
MinimumVisualStudioVersion = 10.0.40219.1
Project("{FAE04EC0-301F-11D3-BF4B-00C04F79EFBC}") = "UL", "UL\UL.csproj", "{5BA11768-E981-42A6-82CF-CF2A1CDBF1CA}"
EndProject
Project("{FAE04EC0-301F-11D3-BF4B-00C04F79EFBC}") = "TestClient", "TestClient\TestClient.csproj", "{B1ED0B71-72F3-46CB-8C1B-10079DB60F61}"
	ProjectSection(ProjectDependencies) = postProject
		{6A47387F-2778-4710-A0A5-3E68C794473E} = {6A47387F-2778-4710-A0A5-3E68C794473E}
	EndProjectSection
EndProject
Project("{8BC9CEB8-8B4A-11D0-8D11-00A0C91BC942}") = "UL_CPP_VM", "UL_CPP_VM\UL_CPP_VM.vcxproj", "{6A47387F-2778-4710-A0A5-3E68C794473E}"
EndProject
Project("{FAE04EC0-301F-11D3-BF4B-00C04F79EFBC}") = "TestIL", "TestIL\TestIL.csproj", "{2CA202E5-3D2E-424C-AEAE-2F2C046F015E}"
EndProject
Project("{FAE04EC0-301F-11D3-BF4B-00C04F79EFBC}") = "CSharpConverter", "CSharpConverter\CSharpConverter.csproj", "{DEAE64B7-DF14-4047-B991-38495E51400B}"
EndProject
Global
	GlobalSection(SolutionConfigurationPlatforms) = preSolution
		Debug|Any CPU = Debug|Any CPU
		Debug|Mixed Platforms = Debug|Mixed Platforms
		Debug|x64 = Debug|x64
		Debug|x86 = Debug|x86
		Release|Any CPU = Release|Any CPU
		Release|Mixed Platforms = Release|Mixed Platforms
		Release|x64 = Release|x64
		Release|x86 = Release|x86
	EndGlobalSection
	GlobalSection(ProjectConfigurationPlatforms) = postSolution
		{5BA11768-E981-42A6-82CF-CF2A1CDBF1CA}.Debug|Any CPU.ActiveCfg = Debug|Any CPU
		{5BA11768-E981-42A6-82CF-CF2A1CDBF1CA}.Debug|Any CPU.Build.0 = Debug|Any CPU
		{5BA11768-E981-42A6-82CF-CF2A1CDBF1CA}.Debug|Mixed Platforms.ActiveCfg = Debug|Any CPU
		{5BA11768-E981-42A6-82CF-CF2A1CDBF1CA}.Debug|Mixed Platforms.Build.0 = Debug|Any CPU
		{5BA11768-E981-42A6-82CF-CF2A1CDBF1CA}.Debug|x64.ActiveCfg = Debug|Any CPU
		{5BA11768-E981-42A6-82CF-CF2A1CDBF1CA}.Debug|x64.Build.0 = Debug|Any CPU
		{5BA11768-E981-42A6-82CF-CF2A1CDBF1CA}.Debug|x86.ActiveCfg = Debug|Any CPU
		{5BA11768-E981-42A6-82CF-CF2A1CDBF1CA}.Debug|x86.Build.0 = Debug|Any CPU
		{5BA11768-E981-42A6-82CF-CF2A1CDBF1CA}.Release|Any CPU.ActiveCfg = Release|Any CPU
		{5BA11768-E981-42A6-82CF-CF2A1CDBF1CA}.Release|Any CPU.Build.0 = Release|Any CPU
		{5BA11768-E981-42A6-82CF-CF2A1CDBF1CA}.Release|Mixed Platforms.ActiveCfg = Release|Any CPU
		{5BA11768-E981-42A6-82CF-CF2A1CDBF1CA}.Release|Mixed Platforms.Build.0 = Release|Any CPU
		{5BA11768-E981-42A6-82CF-CF2A1CDBF1CA}.Release|x64.ActiveCfg = Release|Any CPU
		{5BA11768-E981-42A6-82CF-CF2A1CDBF1CA}.Release|x64.Build.0 = Release|Any CPU
		{5BA11768-E981-42A6-82CF-CF2A1CDBF1CA}.Release|x86.ActiveCfg = Release|Any CPU
		{5BA11768-E981-42A6-82CF-CF2A1CDBF1CA}.Release|x86.Build.0 = Release|Any CPU
		{B1ED0B71-72F3-46CB-8C1B-10079DB60F61}.Debug|Any CPU.ActiveCfg = Debug|Any CPU
		{B1ED0B71-72F3-46CB-8C1B-10079DB60F61}.Debug|Any CPU.Build.0 = Debug|Any CPU
		{B1ED0B71-72F3-46CB-8C1B-10079DB60F61}.Debug|Mixed Platforms.ActiveCfg = Debug|Any CPU
		{B1ED0B71-72F3-46CB-8C1B-10079DB60F61}.Debug|Mixed Platforms.Build.0 = Debug|Any CPU
		{B1ED0B71-72F3-46CB-8C1B-10079DB60F61}.Debug|x64.ActiveCfg = Debug|Any CPU
		{B1ED0B71-72F3-46CB-8C1B-10079DB60F61}.Debug|x64.Build.0 = Debug|Any CPU
		{B1ED0B71-72F3-46CB-8C1B-10079DB60F61}.Debug|x86.ActiveCfg = Debug|Any CPU
		{B1ED0B71-72F3-46CB-8C1B-10079DB60F61}.Debug|x86.Build.0 = Debug|Any CPU
		{B1ED0B71-72F3-46CB-8C1B-10079DB60F61}.Release|Any CPU.ActiveCfg = Release|Any CPU
		{B1ED0B71-72F3-46CB-8C1B-10079DB60F61}.Release|Any CPU.Build.0 = Release|Any CPU
		{B1ED0B71-72F3-46CB-8C1B-10079DB60F61}.Release|Mixed Platforms.ActiveCfg = Release|Any CPU
		{B1ED0B71-72F3-46CB-8C1B-10079DB60F61}.Release|Mixed Platforms.Build.0 = Release|Any CPU
		{B1ED0B71-72F3-46CB-8C1B-10079DB60F61}.Release|x64.ActiveCfg = Release|Any CPU
		{B1ED0B71-72F3-46CB-8C1B-10079DB60F61}.Release|x64.Build.0 = Release|Any CPU
		{B1ED0B71-72F3-46CB-8C1B-10079DB60F61}.Release|x86.ActiveCfg = Release|Any CPU
		{B1ED0B71-72F3-46CB-8C1B-10079DB60F61}.Release|x86.Build.0 = Release|Any CPU
		{6A47387F-2778-4710-A0A5-3E68C794473E}.Debug|Any CPU.ActiveCfg = Debug|Win32
		{6A47387F-2778-4710-A0A5-3E68C794473E}.Debug|Mixed Platforms.ActiveCfg = Debug|Win32
		{6A47387F-2778-4710-A0A5-3E68C794473E}.Debug|Mixed Platforms.Build.0 = Debug|Win32
		{6A47387F-2778-4710-A0A5-3E68C794473E}.Debug|x64.ActiveCfg = Debug|x64
		{6A47387F-2778-4710-A0A5-3E68C794473E}.Debug|x64.Build.0 = Debug|x64
		{6A47387F-2778-4710-A0A5-3E68C794473E}.Debug|x86.ActiveCfg = Debug|Win32
		{6A47387F-2778-4710-A0A5-3E68C794473E}.Debug|x86.Build.0 = Debug|Win32
		{6A47387F-2778-4710-A0A5-3E68C794473E}.Release|Any CPU.ActiveCfg = Release|Win32
		{6A47387F-2778-4710-A0A5-3E68C794473E}.Release|Mixed Platforms.ActiveCfg = Release|Win32
		{6A47387F-2778-4710-A0A5-3E68C794473E}.Release|Mixed Platforms.Build.0 = Release|Win32
		{6A47387F-2778-4710-A0A5-3E68C794473E}.Release|x64.ActiveCfg = Release|x64
		{6A47387F-2778-4710-A0A5-3E68C794473E}.Release|x64.Build.0 = Release|x64
		{6A47387F-2778-4710-A0A5-3E68C794473E}.Release|x86.ActiveCfg = Release|Win32
		{6A47387F-2778-4710-A0A5-3E68C794473E}.Release|x86.Build.0 = Release|Win32
		{2CA202E5-3D2E-424C-AEAE-2F2C046F015E}.Debug|Any CPU.ActiveCfg = Debug|Any CPU
		{2CA202E5-3D2E-424C-AEAE-2F2C046F015E}.Debug|Any CPU.Build.0 = Debug|Any CPU
		{2CA202E5-3D2E-424C-AEAE-2F2C046F015E}.Debug|Mixed Platforms.ActiveCfg = Debug|Any CPU
		{2CA202E5-3D2E-424C-AEAE-2F2C046F015E}.Debug|Mixed Platforms.Build.0 = Debug|Any CPU
		{2CA202E5-3D2E-424C-AEAE-2F2C046F015E}.Debug|x64.ActiveCfg = Debug|Any CPU
		{2CA202E5-3D2E-424C-AEAE-2F2C046F015E}.Debug|x64.Build.0 = Debug|Any CPU
		{2CA202E5-3D2E-424C-AEAE-2F2C046F015E}.Debug|x86.ActiveCfg = Debug|Any CPU
		{2CA202E5-3D2E-424C-AEAE-2F2C046F015E}.Debug|x86.Build.0 = Debug|Any CPU
		{2CA202E5-3D2E-424C-AEAE-2F2C046F015E}.Release|Any CPU.ActiveCfg = Release|Any CPU
		{2CA202E5-3D2E-424C-AEAE-2F2C046F015E}.Release|Any CPU.Build.0 = Release|Any CPU
		{2CA202E5-3D2E-424C-AEAE-2F2C046F015E}.Release|Mixed Platforms.ActiveCfg = Release|Any CPU
		{2CA202E5-3D2E-424C-AEAE-2F2C046F015E}.Release|Mixed Platforms.Build.0 = Release|Any CPU
		{2CA202E5-3D2E-424C-AEAE-2F2C046F015E}.Release|x64.ActiveCfg = Release|Any CPU
		{2CA202E5-3D2E-424C-AEAE-2F2C046F015E}.Release|x64.Build.0 = Release|Any CPU
		{2CA202E5-3D2E-424C-AEAE-2F2C046F015E}.Release|x86.ActiveCfg = Release|Any CPU
		{2CA202E5-3D2E-424C-AEAE-2F2C046F015E}.Release|x86.Build.0 = Release|Any CPU
		{DEAE64B7-DF14-4047-B991-38495E51400B}.Debug|Any CPU.ActiveCfg = Debug|Any CPU
		{DEAE64B7-DF14-4047-B991-38495E51400B}.Debug|Any CPU.Build.0 = Debug|Any CPU
		{DEAE64B7-DF14-4047-B991-38495E51400B}.Debug|Mixed Platforms.ActiveCfg = Debug|Any CPU
		{DEAE64B7-DF14-4047-B991-38495E51400B}.Debug|Mixed Platforms.Build.0 = Debug|Any CPU
		{DEAE64B7-DF14-4047-B991-38495E51400B}.Debug|x64.ActiveCfg = Debug|Any CPU
		{DEAE64B7-DF14-4047-B991-38495E51400B}.Debug|x86.ActiveCfg = Debug|Any CPU
		{DEAE64B7-DF14-4047-B991-38495E51400B}.Release|Any CPU.ActiveCfg = Release|Any CPU
		{DEAE64B7-DF14-4047-B991-38495E51400B}.Release|Any CPU.Build.0 = Release|Any CPU
		{DEAE64B7-DF14-4047-B991-38495E51400B}.Release|Mixed Platforms.ActiveCfg = Release|Any CPU
		{DEAE64B7-DF14-4047-B991-38495E51400B}.Release|Mixed Platforms.Build.0 = Release|Any CPU
		{DEAE64B7-DF14-4047-B991-38495E51400B}.Release|x64.ActiveCfg = Release|Any CPU
		{DEAE64B7-DF14-4047-B991-38495E51400B}.Release|x86.ActiveCfg = Release|Any CPU
	EndGlobalSection
	GlobalSection(SolutionProperties) = preSolution
		HideSolutionNode = FALSE
	EndGlobalSection
EndGlobal
